
Microsoft Visual Studio Solution File, Format Version 12.00
# Visual Studio Version 17
VisualStudioVersion = 17.0.32126.317
MinimumVisualStudioVersion = 10.0.40219.1
Project("{2150E333-8FDC-42A3-9474-1A3956D46DE8}") = "0-Docs", "0-Docs", "{59B305F0-178C-4F0C-A23E-648D480A9175}"
EndProject
Project("{2150E333-8FDC-42A3-9474-1A3956D46DE8}") = "1-Front_End", "1-Front_End", "{92238BEE-D806-4D3E-A8A7-D2048AE065F9}"
EndProject
Project("{2150E333-8FDC-42A3-9474-1A3956D46DE8}") = "2-Back_End", "2-Back_End", "{4F3E3144-936D-4C7A-BB83-05A3242930FB}"
EndProject
Global
	GlobalSection(SolutionProperties) = preSolution
		HideSolutionNode = FALSE
	EndGlobalSection
	GlobalSection(ExtensibilityGlobals) = postSolution
		SolutionGuid = {FC2D081E-2C5A-41AE-80D8-C051DCF46F3C}
	EndGlobalSection
EndGlobal
